
Microsoft Visual Studio Solution File, Format Version 12.00
# Visual Studio Version 17
VisualStudioVersion = 17.5.33424.131
MinimumVisualStudioVersion = 10.0.40219.1
Project("{9A19103F-16F7-4668-BE54-9A1E7A4F7556}") = "ShoppingCart.Web", "ShoppingCart.Web\ShoppingCart.Web.csproj", "{C0F5EFF0-8565-4697-A32F-066C3AD7141B}"
EndProject
Project("{9A19103F-16F7-4668-BE54-9A1E7A4F7556}") = "ShoppingCart.Models", "ShoppingCart.Models\ShoppingCart.Models.csproj", "{54E4958A-999D-49D0-A226-6C0A08979B2C}"
EndProject
Project("{9A19103F-16F7-4668-BE54-9A1E7A4F7556}") = "ShoppingCart.DB.Model", "ShoppingCart.DB.Model\ShoppingCart.DB.Model.csproj", "{E8EADA34-0482-4F3F-B664-7D1FF00F6001}"
EndProject
Project("{FAE04EC0-301F-11D3-BF4B-00C04F79EFBC}") = "ShoppingCart.Repositories", "ShoppingCart.Repositories\ShoppingCart.Repositories.csproj", "{7F60406C-5828-46FA-85B3-9438BEEB12E2}"
EndProject
Global
	GlobalSection(SolutionConfigurationPlatforms) = preSolution
		Debug|Any CPU = Debug|Any CPU
		Release|Any CPU = Release|Any CPU
	EndGlobalSection
	GlobalSection(ProjectConfigurationPlatforms) = postSolution
		{C0F5EFF0-8565-4697-A32F-066C3AD7141B}.Debug|Any CPU.ActiveCfg = Debug|Any CPU
		{C0F5EFF0-8565-4697-A32F-066C3AD7141B}.Debug|Any CPU.Build.0 = Debug|Any CPU
		{C0F5EFF0-8565-4697-A32F-066C3AD7141B}.Release|Any CPU.ActiveCfg = Release|Any CPU
		{C0F5EFF0-8565-4697-A32F-066C3AD7141B}.Release|Any CPU.Build.0 = Release|Any CPU
		{54E4958A-999D-49D0-A226-6C0A08979B2C}.Debug|Any CPU.ActiveCfg = Debug|Any CPU
		{54E4958A-999D-49D0-A226-6C0A08979B2C}.Debug|Any CPU.Build.0 = Debug|Any CPU
		{54E4958A-999D-49D0-A226-6C0A08979B2C}.Release|Any CPU.ActiveCfg = Release|Any CPU
		{54E4958A-999D-49D0-A226-6C0A08979B2C}.Release|Any CPU.Build.0 = Release|Any CPU
		{E8EADA34-0482-4F3F-B664-7D1FF00F6001}.Debug|Any CPU.ActiveCfg = Debug|Any CPU
		{E8EADA34-0482-4F3F-B664-7D1FF00F6001}.Debug|Any CPU.Build.0 = Debug|Any CPU
		{E8EADA34-0482-4F3F-B664-7D1FF00F6001}.Release|Any CPU.ActiveCfg = Release|Any CPU
		{E8EADA34-0482-4F3F-B664-7D1FF00F6001}.Release|Any CPU.Build.0 = Release|Any CPU
		{7F60406C-5828-46FA-85B3-9438BEEB12E2}.Debug|Any CPU.ActiveCfg = Debug|Any CPU
		{7F60406C-5828-46FA-85B3-9438BEEB12E2}.Debug|Any CPU.Build.0 = Debug|Any CPU
		{7F60406C-5828-46FA-85B3-9438BEEB12E2}.Release|Any CPU.ActiveCfg = Release|Any CPU
		{7F60406C-5828-46FA-85B3-9438BEEB12E2}.Release|Any CPU.Build.0 = Release|Any CPU
	EndGlobalSection
	GlobalSection(SolutionProperties) = preSolution
		HideSolutionNode = FALSE
	EndGlobalSection
	GlobalSection(ExtensibilityGlobals) = postSolution
		SolutionGuid = {1E5C9ECD-D366-41F1-B679-E256ADD73962}
	EndGlobalSection
EndGlobal
